
Microsoft Visual Studio Solution File, Format Version 12.00
# Visual Studio Version 16
VisualStudioVersion = 16.0.31515.178
MinimumVisualStudioVersion = 10.0.40219.1
Project("{FAE04EC0-301F-11D3-BF4B-00C04F79EFBC}") = "SanketkumarBlankets", "SanketkumarBlankets\SanketkumarBlankets.csproj", "{A0DC5A0E-0E94-4489-BB34-55CBB049DB09}"
EndProject
Global
	GlobalSection(SolutionConfigurationPlatforms) = preSolution
		Debug|Any CPU = Debug|Any CPU
		Release|Any CPU = Release|Any CPU
	EndGlobalSection
	GlobalSection(ProjectConfigurationPlatforms) = postSolution
		{A0DC5A0E-0E94-4489-BB34-55CBB049DB09}.Debug|Any CPU.ActiveCfg = Debug|Any CPU
		{A0DC5A0E-0E94-4489-BB34-55CBB049DB09}.Debug|Any CPU.Build.0 = Debug|Any CPU
		{A0DC5A0E-0E94-4489-BB34-55CBB049DB09}.Release|Any CPU.ActiveCfg = Release|Any CPU
		{A0DC5A0E-0E94-4489-BB34-55CBB049DB09}.Release|Any CPU.Build.0 = Release|Any CPU
	EndGlobalSection
	GlobalSection(SolutionProperties) = preSolution
		HideSolutionNode = FALSE
	EndGlobalSection
	GlobalSection(ExtensibilityGlobals) = postSolution
		SolutionGuid = {C970E56F-39B3-4462-821D-43AA1C885FD2}
	EndGlobalSection
EndGlobal
